
Microsoft Visual Studio Solution File, Format Version 11.00
# Visual C# Express 2010
Project("{FAE04EC0-301F-11D3-BF4B-00C04F79EFBC}") = "ProcessingTechnologyCalc", "ProcessingTechnologyCalc\ProcessingTechnologyCalc.csproj", "{1F4BDBD7-4EA1-4FD3-A997-5DF021AEF02C}"
EndProject
Global
	GlobalSection(SolutionConfigurationPlatforms) = preSolution
		Debug|Any CPU = Debug|Any CPU
		Release|Any CPU = Release|Any CPU
	EndGlobalSection
	GlobalSection(ProjectConfigurationPlatforms) = postSolution
		{1F4BDBD7-4EA1-4FD3-A997-5DF021AEF02C}.Debug|Any CPU.ActiveCfg = Debug|Any CPU
		{1F4BDBD7-4EA1-4FD3-A997-5DF021AEF02C}.Debug|Any CPU.Build.0 = Debug|Any CPU
		{1F4BDBD7-4EA1-4FD3-A997-5DF021AEF02C}.Release|Any CPU.ActiveCfg = Release|Any CPU
		{1F4BDBD7-4EA1-4FD3-A997-5DF021AEF02C}.Release|Any CPU.Build.0 = Release|Any CPU
	EndGlobalSection
	GlobalSection(SolutionProperties) = preSolution
		HideSolutionNode = FALSE
	EndGlobalSection
EndGlobal
